
Microsoft Visual Studio Solution File, Format Version 12.00
# Visual Studio Version 16
VisualStudioVersion = 16.0.28803.452
MinimumVisualStudioVersion = 10.0.40219.1
Project("{FAE04EC0-301F-11D3-BF4B-00C04F79EFBC}") = "adres2", "adres2\adres2.csproj", "{3224B640-8F5D-47CD-AB28-4390843C036B}"
EndProject
Global
	GlobalSection(SolutionConfigurationPlatforms) = preSolution
		Debug|Any CPU = Debug|Any CPU
		Release|Any CPU = Release|Any CPU
	EndGlobalSection
	GlobalSection(ProjectConfigurationPlatforms) = postSolution
		{3224B640-8F5D-47CD-AB28-4390843C036B}.Debug|Any CPU.ActiveCfg = Debug|Any CPU
		{3224B640-8F5D-47CD-AB28-4390843C036B}.Debug|Any CPU.Build.0 = Debug|Any CPU
		{3224B640-8F5D-47CD-AB28-4390843C036B}.Release|Any CPU.ActiveCfg = Release|Any CPU
		{3224B640-8F5D-47CD-AB28-4390843C036B}.Release|Any CPU.Build.0 = Release|Any CPU
	EndGlobalSection
	GlobalSection(SolutionProperties) = preSolution
		HideSolutionNode = FALSE
	EndGlobalSection
	GlobalSection(ExtensibilityGlobals) = postSolution
		SolutionGuid = {EA86B074-930E-4879-A708-35C2F90EF86D}
	EndGlobalSection
EndGlobal
